
Microsoft Visual Studio Solution File, Format Version 12.00
# Visual Studio Version 16
VisualStudioVersion = 16.0.30611.23
MinimumVisualStudioVersion = 10.0.40219.1
Project("{9A19103F-16F7-4668-BE54-9A1E7A4F7556}") = "UserBlog", "DatingApp\UserBlog.csproj", "{A0017D94-C91C-4346-9514-69CE9DE71796}"
EndProject
Global
	GlobalSection(SolutionConfigurationPlatforms) = preSolution
		Debug|Any CPU = Debug|Any CPU
		Release|Any CPU = Release|Any CPU
	EndGlobalSection
	GlobalSection(ProjectConfigurationPlatforms) = postSolution
		{A0017D94-C91C-4346-9514-69CE9DE71796}.Debug|Any CPU.ActiveCfg = Debug|Any CPU
		{A0017D94-C91C-4346-9514-69CE9DE71796}.Debug|Any CPU.Build.0 = Debug|Any CPU
		{A0017D94-C91C-4346-9514-69CE9DE71796}.Release|Any CPU.ActiveCfg = Release|Any CPU
		{A0017D94-C91C-4346-9514-69CE9DE71796}.Release|Any CPU.Build.0 = Release|Any CPU
	EndGlobalSection
	GlobalSection(SolutionProperties) = preSolution
		HideSolutionNode = FALSE
	EndGlobalSection
	GlobalSection(ExtensibilityGlobals) = postSolution
		SolutionGuid = {EA825527-84D8-4058-969B-036061F31B57}
	EndGlobalSection
EndGlobal
